
Microsoft Visual Studio Solution File, Format Version 12.00
# Visual Studio Version 17
VisualStudioVersion = 17.4.33205.214
MinimumVisualStudioVersion = 10.0.40219.1
Project("{FAE04EC0-301F-11D3-BF4B-00C04F79EFBC}") = "SistemaCardapioFinal", "SistemaCardapioFinal.csproj", "{A080C1AB-3C7A-4694-AACE-E196AAB6886F}"
EndProject
Global
	GlobalSection(SolutionConfigurationPlatforms) = preSolution
		Debug|Any CPU = Debug|Any CPU
		Release|Any CPU = Release|Any CPU
	EndGlobalSection
	GlobalSection(ProjectConfigurationPlatforms) = postSolution
		{A080C1AB-3C7A-4694-AACE-E196AAB6886F}.Debug|Any CPU.ActiveCfg = Debug|Any CPU
		{A080C1AB-3C7A-4694-AACE-E196AAB6886F}.Debug|Any CPU.Build.0 = Debug|Any CPU
		{A080C1AB-3C7A-4694-AACE-E196AAB6886F}.Release|Any CPU.ActiveCfg = Release|Any CPU
		{A080C1AB-3C7A-4694-AACE-E196AAB6886F}.Release|Any CPU.Build.0 = Release|Any CPU
	EndGlobalSection
	GlobalSection(SolutionProperties) = preSolution
		HideSolutionNode = FALSE
	EndGlobalSection
	GlobalSection(ExtensibilityGlobals) = postSolution
		SolutionGuid = {CB135428-1C1E-4BA2-8759-1655A12F6091}
	EndGlobalSection
EndGlobal
